
Microsoft Visual Studio Solution File, Format Version 12.00
# Visual Studio Version 16
VisualStudioVersion = 16.0.30611.23
MinimumVisualStudioVersion = 10.0.40219.1
Project("{FAE04EC0-301F-11D3-BF4B-00C04F79EFBC}") = "dotNet5781_00_1509_1304", "dotNet5781_00_1509_1304\dotNet5781_00_1509_1304.csproj", "{44A4CFFD-5AF3-4E2C-9073-C2B851291AA4}"
EndProject
Project("{FAE04EC0-301F-11D3-BF4B-00C04F79EFBC}") = "dotNet5781_01_1509_1304", "dotNet5781_01_1509_1304\dotNet5781_01_1509_1304.csproj", "{BD41617F-D3B6-4496-8912-C9560BD3972C}"
EndProject
Project("{FAE04EC0-301F-11D3-BF4B-00C04F79EFBC}") = "dotNet5781_02_1509_1304", "dotNet5781_02_1509_1304\dotNet5781_02_1509_1304.csproj", "{D4532113-24CE-42DC-B144-67BCF64AA4FA}"
EndProject
Global
	GlobalSection(SolutionConfigurationPlatforms) = preSolution
		Debug|Any CPU = Debug|Any CPU
		Release|Any CPU = Release|Any CPU
	EndGlobalSection
	GlobalSection(ProjectConfigurationPlatforms) = postSolution
		{44A4CFFD-5AF3-4E2C-9073-C2B851291AA4}.Debug|Any CPU.ActiveCfg = Debug|Any CPU
		{44A4CFFD-5AF3-4E2C-9073-C2B851291AA4}.Debug|Any CPU.Build.0 = Debug|Any CPU
		{44A4CFFD-5AF3-4E2C-9073-C2B851291AA4}.Release|Any CPU.ActiveCfg = Release|Any CPU
		{44A4CFFD-5AF3-4E2C-9073-C2B851291AA4}.Release|Any CPU.Build.0 = Release|Any CPU
		{BD41617F-D3B6-4496-8912-C9560BD3972C}.Debug|Any CPU.ActiveCfg = Debug|Any CPU
		{BD41617F-D3B6-4496-8912-C9560BD3972C}.Debug|Any CPU.Build.0 = Debug|Any CPU
		{BD41617F-D3B6-4496-8912-C9560BD3972C}.Release|Any CPU.ActiveCfg = Release|Any CPU
		{BD41617F-D3B6-4496-8912-C9560BD3972C}.Release|Any CPU.Build.0 = Release|Any CPU
		{D4532113-24CE-42DC-B144-67BCF64AA4FA}.Debug|Any CPU.ActiveCfg = Debug|Any CPU
		{D4532113-24CE-42DC-B144-67BCF64AA4FA}.Debug|Any CPU.Build.0 = Debug|Any CPU
		{D4532113-24CE-42DC-B144-67BCF64AA4FA}.Release|Any CPU.ActiveCfg = Release|Any CPU
		{D4532113-24CE-42DC-B144-67BCF64AA4FA}.Release|Any CPU.Build.0 = Release|Any CPU
	EndGlobalSection
	GlobalSection(SolutionProperties) = preSolution
		HideSolutionNode = FALSE
	EndGlobalSection
	GlobalSection(ExtensibilityGlobals) = postSolution
		SolutionGuid = {E00CEE25-FB59-4DF0-BAD4-5E4478021765}
	EndGlobalSection
EndGlobal
